hash: 067ba3c7af18672824822c2fc6f7f1534763fde916081824255c2329a1b03928
updated: 2017-01-16T22:49:02.800059153+03:00
imports:
- name: github.com/go-playground/locales
  version: 273913d3b2ff7127452603d55dd3f6f888e4f268
  subpackages:
  - currency
- name: github.com/go-playground/universal-translator
  version: fc73d0c4bd37070e0d34e3647253565ff7847264
- name: gopkg.in/go-playground/validator.v9
  version: 077c3830f3971d4a44a94c2249b67ce8c53198fc
testImports: []
